
Microsoft Visual Studio Solution File, Format Version 12.00
# Visual Studio Version 17
VisualStudioVersion = 17.0.31612.314
MinimumVisualStudioVersion = 10.0.40219.1
Project("{2150E333-8FDC-42A3-9474-1A3956D46DE8}") = "MusicManagment", "MusicManagment", "{0585F318-75AD-4B34-ABA9-487C38A79DE2}"
EndProject
Project("{2150E333-8FDC-42A3-9474-1A3956D46DE8}") = "MM.Domin", "MM.Domin", "{4FE67FBE-070A-4633-B176-010E419EE68A}"
EndProject
Project("{2150E333-8FDC-42A3-9474-1A3956D46DE8}") = "MM.Application", "MM.Application", "{4DE72F02-1179-4B6B-A241-F4C1F3C68250}"
EndProject
Project("{2150E333-8FDC-42A3-9474-1A3956D46DE8}") = "MM.Infrastructure", "MM.Infrastructure", "{AD2DE7F6-AFEF-484C-942E-BECAC2FDFB6C}"
EndProject
Project("{9A19103F-16F7-4668-BE54-9A1E7A4F7556}") = "MusicManagment.Domain", "MusicManagment.Domain\MusicManagment.Domain.csproj", "{93C827A5-BF22-4A00-846C-BBC01B21AE2F}"
EndProject
Project("{9A19103F-16F7-4668-BE54-9A1E7A4F7556}") = "MusicManagment.Application", "MusicManagment.Application\MusicManagment.Application.csproj", "{8521CCB8-8CD4-4682-AB3A-8A34B0A0715A}"
EndProject
Project("{9A19103F-16F7-4668-BE54-9A1E7A4F7556}") = "MusicManagment.Application.Contract", "MusicManagment.Application.Contract\MusicManagment.Application.Contract.csproj", "{571962CB-C920-4D9E-AC1F-DE865A0D2297}"
EndProject
Project("{9A19103F-16F7-4668-BE54-9A1E7A4F7556}") = "MusicManagement.Configuration", "MusicManagement.Configuration\MusicManagement.Configuration.csproj", "{F4886900-56EB-4AE2-9BEA-026893AAD638}"
EndProject
Project("{9A19103F-16F7-4668-BE54-9A1E7A4F7556}") = "MusicManagement.Infrastructure.EFCore", "MusicManagement.Infrastructure.EFCore\MusicManagement.Infrastructure.EFCore.csproj", "{A8A8212D-EED0-4121-856F-BF9608386946}"
EndProject
Project("{9A19103F-16F7-4668-BE54-9A1E7A4F7556}") = "0_Framework", "0_Framework\0_Framework.csproj", "{26F39D3E-F294-453F-B92B-0DB0513EC1A4}"
EndProject
Project("{2150E333-8FDC-42A3-9474-1A3956D46DE8}") = "SliderManagment", "SliderManagment", "{04479402-A532-4911-9E56-C1E568401F33}"
EndProject
Project("{2150E333-8FDC-42A3-9474-1A3956D46DE8}") = "MM.Application", "MM.Application", "{266C96DA-CF73-4D4A-905C-1007548E8495}"
EndProject
Project("{2150E333-8FDC-42A3-9474-1A3956D46DE8}") = "MM.Domin", "MM.Domin", "{DDB43DF8-EFB8-4CEA-A145-FFE10E431F14}"
EndProject
Project("{2150E333-8FDC-42A3-9474-1A3956D46DE8}") = "MM.Infrastructure", "MM.Infrastructure", "{BD5A71C3-8E38-4175-9BA1-8DFA4F8EED99}"
EndProject
Project("{9A19103F-16F7-4668-BE54-9A1E7A4F7556}") = "SliderManagment.Application", "SliderManagment.Application\SliderManagment.Application.csproj", "{CB4701EE-113E-4159-A72C-4A9345C17367}"
EndProject
Project("{9A19103F-16F7-4668-BE54-9A1E7A4F7556}") = "SliderManagment.Application.Contract", "SliderManagment.Application.Contract\SliderManagment.Application.Contract.csproj", "{83148706-E666-477D-A48A-EDD709347C43}"
EndProject
Project("{9A19103F-16F7-4668-BE54-9A1E7A4F7556}") = "SliderManagment.Domain", "SliderManagment.Domain\SliderManagment.Domain.csproj", "{77825020-A6F2-469A-B095-50AA251310CE}"
EndProject
Project("{9A19103F-16F7-4668-BE54-9A1E7A4F7556}") = "SliderManagement.Configuration", "SliderManagement.Configuration\SliderManagement.Configuration.csproj", "{88D59811-401D-42EF-9D91-9BDDE0BFA33E}"
EndProject
Project("{9A19103F-16F7-4668-BE54-9A1E7A4F7556}") = "SliderManagement.Infrastructure.EFCore", "SliderManagement.Infrastructure.EFCore\SliderManagement.Infrastructure.EFCore.csproj", "{FDE41821-0965-4AA2-8F84-BA9310BBFA08}"
EndProject
Project("{2150E333-8FDC-42A3-9474-1A3956D46DE8}") = "BlogManagement", "BlogManagement", "{50EC3607-1A4A-4247-A7D3-BDD7DBBBDB96}"
EndProject
Project("{2150E333-8FDC-42A3-9474-1A3956D46DE8}") = "BM.Domain", "BM.Domain", "{2ED30B0B-04CF-442C-BA66-6B7630AA29E1}"
EndProject
Project("{2150E333-8FDC-42A3-9474-1A3956D46DE8}") = "BM.Application", "BM.Application", "{C7E2DC03-818F-4248-BC1D-4C50FE6E36D2}"
EndProject
Project("{2150E333-8FDC-42A3-9474-1A3956D46DE8}") = "BM.Infrastructure", "BM.Infrastructure", "{B6EC4808-3981-41CE-A144-141981B4DF3B}"
EndProject
Project("{9A19103F-16F7-4668-BE54-9A1E7A4F7556}") = "BlogManagement.Domain", "BlogManagement.Domain\BlogManagement.Domain.csproj", "{9F22FA09-44CE-42C0-ABEA-F10FFBCCED07}"
EndProject
Project("{9A19103F-16F7-4668-BE54-9A1E7A4F7556}") = "BlogManagement.Application", "BlogManagement.Application\BlogManagement.Application.csproj", "{0A73E7E9-C7CB-434B-A535-CD1FC03B2AA9}"
EndProject
Project("{9A19103F-16F7-4668-BE54-9A1E7A4F7556}") = "BlogManagement.Application.Contracts", "BlogManagement.Application.Contracts\BlogManagement.Application.Contracts.csproj", "{4C857D6B-868B-47EA-A2D6-CCF3AF483CA6}"
EndProject
Project("{9A19103F-16F7-4668-BE54-9A1E7A4F7556}") = "BlogManagement.Infrastructure.Configuration", "BlogManagement.Infrastructure.Configuration\BlogManagement.Infrastructure.Configuration.csproj", "{D5F970A9-CADE-4A83-B11A-6D88A9C9D476}"
EndProject
Project("{9A19103F-16F7-4668-BE54-9A1E7A4F7556}") = "BlogManagement.Infrastructure.EFCore", "BlogManagement.Infrastructure.EFCore\BlogManagement.Infrastructure.EFCore.csproj", "{4F8301AC-D062-4818-84CF-5FBB8A255235}"
EndProject
Project("{2150E333-8FDC-42A3-9474-1A3956D46DE8}") = "AccountManagement", "AccountManagement", "{87F92200-614C-415F-9F54-70A40436BDE7}"
EndProject
Project("{2150E333-8FDC-42A3-9474-1A3956D46DE8}") = "AM.Application", "AM.Application", "{815D63D2-F02E-45C7-A8A1-B9063239706E}"
EndProject
Project("{2150E333-8FDC-42A3-9474-1A3956D46DE8}") = "AM.Domain", "AM.Domain", "{C7AF95D2-6D8D-44EB-986D-E648ED8F19D9}"
EndProject
Project("{2150E333-8FDC-42A3-9474-1A3956D46DE8}") = "AM.Infrastructure", "AM.Infrastructure", "{80BAF468-9877-4BD8-92DB-D1750246E0E4}"
EndProject
Project("{9A19103F-16F7-4668-BE54-9A1E7A4F7556}") = "AccountManagement.Application", "AccountManagement.Application\AccountManagement.Application.csproj", "{364A8578-14DF-4A84-94C0-29C324803C58}"
EndProject
Project("{9A19103F-16F7-4668-BE54-9A1E7A4F7556}") = "AccountManagement.Application.Contracts", "AccountManagement.Application.Contracts\AccountManagement.Application.Contracts.csproj", "{1F9E5F87-31F1-43B3-90DC-FE5EA5E66276}"
EndProject
Project("{9A19103F-16F7-4668-BE54-9A1E7A4F7556}") = "AccountManagement.Domain", "AccountManagement.Domain\AccountManagement.Domain.csproj", "{EEB45990-83BD-47B4-8D61-9E2A9A735B59}"
EndProject
Project("{9A19103F-16F7-4668-BE54-9A1E7A4F7556}") = "AccountMangement.Infrastructure.EFCore", "AccountMangement.Infrastructure.EFCore\AccountMangement.Infrastructure.EFCore.csproj", "{0B7B3283-5F43-4F6E-AB28-96918557214E}"
EndProject
Project("{9A19103F-16F7-4668-BE54-9A1E7A4F7556}") = "AccountManagement.Configuration", "AccountManagement.Configuration\AccountManagement.Configuration.csproj", "{38038C30-9C3E-4053-9407-1BB0B6E0BA9C}"
EndProject
Project("{9A19103F-16F7-4668-BE54-9A1E7A4F7556}") = "01_LampshadeQuery", "01_LampshadeQuery\01_LampshadeQuery.csproj", "{88F5E157-9CA3-4415-9489-EE3366ED95BF}"
EndProject
Project("{2150E333-8FDC-42A3-9474-1A3956D46DE8}") = "CommentManagement", "CommentManagement", "{A50BFE78-7B15-4674-B1BA-956DF8F6B8AD}"
EndProject
Project("{2150E333-8FDC-42A3-9474-1A3956D46DE8}") = "CM.Domain", "CM.Domain", "{31C3DAF9-80B4-49CC-B80F-E7D0FAC130D6}"
EndProject
Project("{2150E333-8FDC-42A3-9474-1A3956D46DE8}") = "CM.Application", "CM.Application", "{EC6DE59A-92DF-400A-89A1-89AE9AAD00A4}"
EndProject
Project("{2150E333-8FDC-42A3-9474-1A3956D46DE8}") = "CM.Infrastructure", "CM.Infrastructure", "{5315740C-68A1-47AB-9467-D05EF8130372}"
EndProject
Project("{9A19103F-16F7-4668-BE54-9A1E7A4F7556}") = "CommentManagement.Domain", "CommentManagement.Domain\CommentManagement.Domain.csproj", "{A3DF5FC1-F943-4DB2-A100-9A3C3D0B8085}"
EndProject
Project("{9A19103F-16F7-4668-BE54-9A1E7A4F7556}") = "CommentManagement.Application.Contracts", "CommentManagement.Application.Contracts\CommentManagement.Application.Contracts.csproj", "{2F7976B1-6515-4863-A487-1FC37B402B65}"
EndProject
Project("{9A19103F-16F7-4668-BE54-9A1E7A4F7556}") = "CommentManagement.Application", "CommentManagement.Application\CommentManagement.Application.csproj", "{C8C55D0D-49BD-4226-9642-F4E853D70886}"
EndProject
Project("{9A19103F-16F7-4668-BE54-9A1E7A4F7556}") = "CommentManagement.Infrastructure.Configuration", "CommentManagement.Infrastructure.Configuration\CommentManagement.Infrastructure.Configuration.csproj", "{7F83A457-16A3-48A1-8FE1-449FE4DC8BF5}"
EndProject
Project("{9A19103F-16F7-4668-BE54-9A1E7A4F7556}") = "CommnetManagement.Infrastructure.EFCore", "CommnetManagement.Infrastructure.EFCore\CommnetManagement.Infrastructure.EFCore.csproj", "{E8048823-CF65-4008-AD8F-4FA8179BE68D}"
EndProject
Project("{2150E333-8FDC-42A3-9474-1A3956D46DE8}") = "ArtistManagment", "ArtistManagment", "{9C7B108B-7D09-494F-AC94-E45F700C3353}"
EndProject
Project("{2150E333-8FDC-42A3-9474-1A3956D46DE8}") = "ARM.Application", "ARM.Application", "{52BF7352-728C-4F9C-A989-3B74997CADFD}"
EndProject
Project("{2150E333-8FDC-42A3-9474-1A3956D46DE8}") = "ARM.Domain", "ARM.Domain", "{8C288A2D-CA55-4F8E-AF16-AE924364B965}"
EndProject
Project("{2150E333-8FDC-42A3-9474-1A3956D46DE8}") = "ARM.Infrastructure", "ARM.Infrastructure", "{11B76622-62E8-4CC0-8062-22D76754D59B}"
EndProject
Project("{9A19103F-16F7-4668-BE54-9A1E7A4F7556}") = "ArtistManagement.Application", "ArtistManagement.Application\ArtistManagement.Application.csproj", "{23B0801D-B44F-41F5-8492-0458DF276657}"
EndProject
Project("{9A19103F-16F7-4668-BE54-9A1E7A4F7556}") = "ArtistManagement.Application.Contracts", "ArtistManagement.Application.Contracts\ArtistManagement.Application.Contracts.csproj", "{C8D9B9D8-2F43-470D-B2E1-ADBF4A0C22FB}"
EndProject
Project("{9A19103F-16F7-4668-BE54-9A1E7A4F7556}") = "ArtistManagement.Domain", "ArtistManagement.Domain\ArtistManagement.Domain.csproj", "{16D15417-92F5-4B77-9E78-280AC9F8BA13}"
EndProject
Project("{9A19103F-16F7-4668-BE54-9A1E7A4F7556}") = "ArtistManagement.Infrastructure.Configuration", "ArtistManagement.Infrastructure.Configuration\ArtistManagement.Infrastructure.Configuration.csproj", "{CD20173F-0356-41E7-81BB-7DD77703AAFE}"
EndProject
Project("{9A19103F-16F7-4668-BE54-9A1E7A4F7556}") = "ArtistManagement.Infrastructure.EFCore", "ArtistManagement.Infrastructure.EFCore\ArtistManagement.Infrastructure.EFCore.csproj", "{FCFB9628-5DEA-4443-8D96-4228A41D6A11}"
EndProject
Project("{9A19103F-16F7-4668-BE54-9A1E7A4F7556}") = "ServerHost", "ServerHost\ServerHost.csproj", "{0F0EFC8E-DCFE-4238-A556-3F1C5C79C3CC}"
EndProject
Global
	GlobalSection(SolutionConfigurationPlatforms) = preSolution
		Debug|Any CPU = Debug|Any CPU
		Release|Any CPU = Release|Any CPU
	EndGlobalSection
	GlobalSection(ProjectConfigurationPlatforms) = postSolution
		{93C827A5-BF22-4A00-846C-BBC01B21AE2F}.Debug|Any CPU.ActiveCfg = Debug|Any CPU
		{93C827A5-BF22-4A00-846C-BBC01B21AE2F}.Debug|Any CPU.Build.0 = Debug|Any CPU
		{93C827A5-BF22-4A00-846C-BBC01B21AE2F}.Release|Any CPU.ActiveCfg = Release|Any CPU
		{93C827A5-BF22-4A00-846C-BBC01B21AE2F}.Release|Any CPU.Build.0 = Release|Any CPU
		{8521CCB8-8CD4-4682-AB3A-8A34B0A0715A}.Debug|Any CPU.ActiveCfg = Debug|Any CPU
		{8521CCB8-8CD4-4682-AB3A-8A34B0A0715A}.Debug|Any CPU.Build.0 = Debug|Any CPU
		{8521CCB8-8CD4-4682-AB3A-8A34B0A0715A}.Release|Any CPU.ActiveCfg = Release|Any CPU
		{8521CCB8-8CD4-4682-AB3A-8A34B0A0715A}.Release|Any CPU.Build.0 = Release|Any CPU
		{571962CB-C920-4D9E-AC1F-DE865A0D2297}.Debug|Any CPU.ActiveCfg = Debug|Any CPU
		{571962CB-C920-4D9E-AC1F-DE865A0D2297}.Debug|Any CPU.Build.0 = Debug|Any CPU
		{571962CB-C920-4D9E-AC1F-DE865A0D2297}.Release|Any CPU.ActiveCfg = Release|Any CPU
		{571962CB-C920-4D9E-AC1F-DE865A0D2297}.Release|Any CPU.Build.0 = Release|Any CPU
		{F4886900-56EB-4AE2-9BEA-026893AAD638}.Debug|Any CPU.ActiveCfg = Debug|Any CPU
		{F4886900-56EB-4AE2-9BEA-026893AAD638}.Debug|Any CPU.Build.0 = Debug|Any CPU
		{F4886900-56EB-4AE2-9BEA-026893AAD638}.Release|Any CPU.ActiveCfg = Release|Any CPU
		{F4886900-56EB-4AE2-9BEA-026893AAD638}.Release|Any CPU.Build.0 = Release|Any CPU
		{A8A8212D-EED0-4121-856F-BF9608386946}.Debug|Any CPU.ActiveCfg = Debug|Any CPU
		{A8A8212D-EED0-4121-856F-BF9608386946}.Debug|Any CPU.Build.0 = Debug|Any CPU
		{A8A8212D-EED0-4121-856F-BF9608386946}.Release|Any CPU.ActiveCfg = Release|Any CPU
		{A8A8212D-EED0-4121-856F-BF9608386946}.Release|Any CPU.Build.0 = Release|Any CPU
		{26F39D3E-F294-453F-B92B-0DB0513EC1A4}.Debug|Any CPU.ActiveCfg = Debug|Any CPU
		{26F39D3E-F294-453F-B92B-0DB0513EC1A4}.Debug|Any CPU.Build.0 = Debug|Any CPU
		{26F39D3E-F294-453F-B92B-0DB0513EC1A4}.Release|Any CPU.ActiveCfg = Release|Any CPU
		{26F39D3E-F294-453F-B92B-0DB0513EC1A4}.Release|Any CPU.Build.0 = Release|Any CPU
		{CB4701EE-113E-4159-A72C-4A9345C17367}.Debug|Any CPU.ActiveCfg = Debug|Any CPU
		{CB4701EE-113E-4159-A72C-4A9345C17367}.Debug|Any CPU.Build.0 = Debug|Any CPU
		{CB4701EE-113E-4159-A72C-4A9345C17367}.Release|Any CPU.ActiveCfg = Release|Any CPU
		{CB4701EE-113E-4159-A72C-4A9345C17367}.Release|Any CPU.Build.0 = Release|Any CPU
		{83148706-E666-477D-A48A-EDD709347C43}.Debug|Any CPU.ActiveCfg = Debug|Any CPU
		{83148706-E666-477D-A48A-EDD709347C43}.Debug|Any CPU.Build.0 = Debug|Any CPU
		{83148706-E666-477D-A48A-EDD709347C43}.Release|Any CPU.ActiveCfg = Release|Any CPU
		{83148706-E666-477D-A48A-EDD709347C43}.Release|Any CPU.Build.0 = Release|Any CPU
		{77825020-A6F2-469A-B095-50AA251310CE}.Debug|Any CPU.ActiveCfg = Debug|Any CPU
		{77825020-A6F2-469A-B095-50AA251310CE}.Debug|Any CPU.Build.0 = Debug|Any CPU
		{77825020-A6F2-469A-B095-50AA251310CE}.Release|Any CPU.ActiveCfg = Release|Any CPU
		{77825020-A6F2-469A-B095-50AA251310CE}.Release|Any CPU.Build.0 = Release|Any CPU
		{88D59811-401D-42EF-9D91-9BDDE0BFA33E}.Debug|Any CPU.ActiveCfg = Debug|Any CPU
		{88D59811-401D-42EF-9D91-9BDDE0BFA33E}.Debug|Any CPU.Build.0 = Debug|Any CPU
		{88D59811-401D-42EF-9D91-9BDDE0BFA33E}.Release|Any CPU.ActiveCfg = Release|Any CPU
		{88D59811-401D-42EF-9D91-9BDDE0BFA33E}.Release|Any CPU.Build.0 = Release|Any CPU
		{FDE41821-0965-4AA2-8F84-BA9310BBFA08}.Debug|Any CPU.ActiveCfg = Debug|Any CPU
		{FDE41821-0965-4AA2-8F84-BA9310BBFA08}.Debug|Any CPU.Build.0 = Debug|Any CPU
		{FDE41821-0965-4AA2-8F84-BA9310BBFA08}.Release|Any CPU.ActiveCfg = Release|Any CPU
		{FDE41821-0965-4AA2-8F84-BA9310BBFA08}.Release|Any CPU.Build.0 = Release|Any CPU
		{9F22FA09-44CE-42C0-ABEA-F10FFBCCED07}.Debug|Any CPU.ActiveCfg = Debug|Any CPU
		{9F22FA09-44CE-42C0-ABEA-F10FFBCCED07}.Debug|Any CPU.Build.0 = Debug|Any CPU
		{9F22FA09-44CE-42C0-ABEA-F10FFBCCED07}.Release|Any CPU.ActiveCfg = Release|Any CPU
		{9F22FA09-44CE-42C0-ABEA-F10FFBCCED07}.Release|Any CPU.Build.0 = Release|Any CPU
		{0A73E7E9-C7CB-434B-A535-CD1FC03B2AA9}.Debug|Any CPU.ActiveCfg = Debug|Any CPU
		{0A73E7E9-C7CB-434B-A535-CD1FC03B2AA9}.Debug|Any CPU.Build.0 = Debug|Any CPU
		{0A73E7E9-C7CB-434B-A535-CD1FC03B2AA9}.Release|Any CPU.ActiveCfg = Release|Any CPU
		{0A73E7E9-C7CB-434B-A535-CD1FC03B2AA9}.Release|Any CPU.Build.0 = Release|Any CPU
		{4C857D6B-868B-47EA-A2D6-CCF3AF483CA6}.Debug|Any CPU.ActiveCfg = Debug|Any CPU
		{4C857D6B-868B-47EA-A2D6-CCF3AF483CA6}.Debug|Any CPU.Build.0 = Debug|Any CPU
		{4C857D6B-868B-47EA-A2D6-CCF3AF483CA6}.Release|Any CPU.ActiveCfg = Release|Any CPU
		{4C857D6B-868B-47EA-A2D6-CCF3AF483CA6}.Release|Any CPU.Build.0 = Release|Any CPU
		{D5F970A9-CADE-4A83-B11A-6D88A9C9D476}.Debug|Any CPU.ActiveCfg = Debug|Any CPU
		{D5F970A9-CADE-4A83-B11A-6D88A9C9D476}.Debug|Any CPU.Build.0 = Debug|Any CPU
		{D5F970A9-CADE-4A83-B11A-6D88A9C9D476}.Release|Any CPU.ActiveCfg = Release|Any CPU
		{D5F970A9-CADE-4A83-B11A-6D88A9C9D476}.Release|Any CPU.Build.0 = Release|Any CPU
		{4F8301AC-D062-4818-84CF-5FBB8A255235}.Debug|Any CPU.ActiveCfg = Debug|Any CPU
		{4F8301AC-D062-4818-84CF-5FBB8A255235}.Debug|Any CPU.Build.0 = Debug|Any CPU
		{4F8301AC-D062-4818-84CF-5FBB8A255235}.Release|Any CPU.ActiveCfg = Release|Any CPU
		{4F8301AC-D062-4818-84CF-5FBB8A255235}.Release|Any CPU.Build.0 = Release|Any CPU
		{364A8578-14DF-4A84-94C0-29C324803C58}.Debug|Any CPU.ActiveCfg = Debug|Any CPU
		{364A8578-14DF-4A84-94C0-29C324803C58}.Debug|Any CPU.Build.0 = Debug|Any CPU
		{364A8578-14DF-4A84-94C0-29C324803C58}.Release|Any CPU.ActiveCfg = Release|Any CPU
		{364A8578-14DF-4A84-94C0-29C324803C58}.Release|Any CPU.Build.0 = Release|Any CPU
		{1F9E5F87-31F1-43B3-90DC-FE5EA5E66276}.Debug|Any CPU.ActiveCfg = Debug|Any CPU
		{1F9E5F87-31F1-43B3-90DC-FE5EA5E66276}.Debug|Any CPU.Build.0 = Debug|Any CPU
		{1F9E5F87-31F1-43B3-90DC-FE5EA5E66276}.Release|Any CPU.ActiveCfg = Release|Any CPU
		{1F9E5F87-31F1-43B3-90DC-FE5EA5E66276}.Release|Any CPU.Build.0 = Release|Any CPU
		{EEB45990-83BD-47B4-8D61-9E2A9A735B59}.Debug|Any CPU.ActiveCfg = Debug|Any CPU
		{EEB45990-83BD-47B4-8D61-9E2A9A735B59}.Debug|Any CPU.Build.0 = Debug|Any CPU
		{EEB45990-83BD-47B4-8D61-9E2A9A735B59}.Release|Any CPU.ActiveCfg = Release|Any CPU
		{EEB45990-83BD-47B4-8D61-9E2A9A735B59}.Release|Any CPU.Build.0 = Release|Any CPU
		{0B7B3283-5F43-4F6E-AB28-96918557214E}.Debug|Any CPU.ActiveCfg = Debug|Any CPU
		{0B7B3283-5F43-4F6E-AB28-96918557214E}.Debug|Any CPU.Build.0 = Debug|Any CPU
		{0B7B3283-5F43-4F6E-AB28-96918557214E}.Release|Any CPU.ActiveCfg = Release|Any CPU
		{0B7B3283-5F43-4F6E-AB28-96918557214E}.Release|Any CPU.Build.0 = Release|Any CPU
		{38038C30-9C3E-4053-9407-1BB0B6E0BA9C}.Debug|Any CPU.ActiveCfg = Debug|Any CPU
		{38038C30-9C3E-4053-9407-1BB0B6E0BA9C}.Debug|Any CPU.Build.0 = Debug|Any CPU
		{38038C30-9C3E-4053-9407-1BB0B6E0BA9C}.Release|Any CPU.ActiveCfg = Release|Any CPU
		{38038C30-9C3E-4053-9407-1BB0B6E0BA9C}.Release|Any CPU.Build.0 = Release|Any CPU
		{88F5E157-9CA3-4415-9489-EE3366ED95BF}.Debug|Any CPU.ActiveCfg = Debug|Any CPU
		{88F5E157-9CA3-4415-9489-EE3366ED95BF}.Debug|Any CPU.Build.0 = Debug|Any CPU
		{88F5E157-9CA3-4415-9489-EE3366ED95BF}.Release|Any CPU.ActiveCfg = Release|Any CPU
		{88F5E157-9CA3-4415-9489-EE3366ED95BF}.Release|Any CPU.Build.0 = Release|Any CPU
		{A3DF5FC1-F943-4DB2-A100-9A3C3D0B8085}.Debug|Any CPU.ActiveCfg = Debug|Any CPU
		{A3DF5FC1-F943-4DB2-A100-9A3C3D0B8085}.Debug|Any CPU.Build.0 = Debug|Any CPU
		{A3DF5FC1-F943-4DB2-A100-9A3C3D0B8085}.Release|Any CPU.ActiveCfg = Release|Any CPU
		{A3DF5FC1-F943-4DB2-A100-9A3C3D0B8085}.Release|Any CPU.Build.0 = Release|Any CPU
		{2F7976B1-6515-4863-A487-1FC37B402B65}.Debug|Any CPU.ActiveCfg = Debug|Any CPU
		{2F7976B1-6515-4863-A487-1FC37B402B65}.Debug|Any CPU.Build.0 = Debug|Any CPU
		{2F7976B1-6515-4863-A487-1FC37B402B65}.Release|Any CPU.ActiveCfg = Release|Any CPU
		{2F7976B1-6515-4863-A487-1FC37B402B65}.Release|Any CPU.Build.0 = Release|Any CPU
		{C8C55D0D-49BD-4226-9642-F4E853D70886}.Debug|Any CPU.ActiveCfg = Debug|Any CPU
		{C8C55D0D-49BD-4226-9642-F4E853D70886}.Debug|Any CPU.Build.0 = Debug|Any CPU
		{C8C55D0D-49BD-4226-9642-F4E853D70886}.Release|Any CPU.ActiveCfg = Release|Any CPU
		{C8C55D0D-49BD-4226-9642-F4E853D70886}.Release|Any CPU.Build.0 = Release|Any CPU
		{7F83A457-16A3-48A1-8FE1-449FE4DC8BF5}.Debug|Any CPU.ActiveCfg = Debug|Any CPU
		{7F83A457-16A3-48A1-8FE1-449FE4DC8BF5}.Debug|Any CPU.Build.0 = Debug|Any CPU
		{7F83A457-16A3-48A1-8FE1-449FE4DC8BF5}.Release|Any CPU.ActiveCfg = Release|Any CPU
		{7F83A457-16A3-48A1-8FE1-449FE4DC8BF5}.Release|Any CPU.Build.0 = Release|Any CPU
		{E8048823-CF65-4008-AD8F-4FA8179BE68D}.Debug|Any CPU.ActiveCfg = Debug|Any CPU
		{E8048823-CF65-4008-AD8F-4FA8179BE68D}.Debug|Any CPU.Build.0 = Debug|Any CPU
		{E8048823-CF65-4008-AD8F-4FA8179BE68D}.Release|Any CPU.ActiveCfg = Release|Any CPU
		{E8048823-CF65-4008-AD8F-4FA8179BE68D}.Release|Any CPU.Build.0 = Release|Any CPU
		{23B0801D-B44F-41F5-8492-0458DF276657}.Debug|Any CPU.ActiveCfg = Debug|Any CPU
		{23B0801D-B44F-41F5-8492-0458DF276657}.Debug|Any CPU.Build.0 = Debug|Any CPU
		{23B0801D-B44F-41F5-8492-0458DF276657}.Release|Any CPU.ActiveCfg = Release|Any CPU
		{23B0801D-B44F-41F5-8492-0458DF276657}.Release|Any CPU.Build.0 = Release|Any CPU
		{C8D9B9D8-2F43-470D-B2E1-ADBF4A0C22FB}.Debug|Any CPU.ActiveCfg = Debug|Any CPU
		{C8D9B9D8-2F43-470D-B2E1-ADBF4A0C22FB}.Debug|Any CPU.Build.0 = Debug|Any CPU
		{C8D9B9D8-2F43-470D-B2E1-ADBF4A0C22FB}.Release|Any CPU.ActiveCfg = Release|Any CPU
		{C8D9B9D8-2F43-470D-B2E1-ADBF4A0C22FB}.Release|Any CPU.Build.0 = Release|Any CPU
		{16D15417-92F5-4B77-9E78-280AC9F8BA13}.Debug|Any CPU.ActiveCfg = Debug|Any CPU
		{16D15417-92F5-4B77-9E78-280AC9F8BA13}.Debug|Any CPU.Build.0 = Debug|Any CPU
		{16D15417-92F5-4B77-9E78-280AC9F8BA13}.Release|Any CPU.ActiveCfg = Release|Any CPU
		{16D15417-92F5-4B77-9E78-280AC9F8BA13}.Release|Any CPU.Build.0 = Release|Any CPU
		{CD20173F-0356-41E7-81BB-7DD77703AAFE}.Debug|Any CPU.ActiveCfg = Debug|Any CPU
		{CD20173F-0356-41E7-81BB-7DD77703AAFE}.Debug|Any CPU.Build.0 = Debug|Any CPU
		{CD20173F-0356-41E7-81BB-7DD77703AAFE}.Release|Any CPU.ActiveCfg = Release|Any CPU
		{CD20173F-0356-41E7-81BB-7DD77703AAFE}.Release|Any CPU.Build.0 = Release|Any CPU
		{FCFB9628-5DEA-4443-8D96-4228A41D6A11}.Debug|Any CPU.ActiveCfg = Debug|Any CPU
		{FCFB9628-5DEA-4443-8D96-4228A41D6A11}.Debug|Any CPU.Build.0 = Debug|Any CPU
		{FCFB9628-5DEA-4443-8D96-4228A41D6A11}.Release|Any CPU.ActiveCfg = Release|Any CPU
		{FCFB9628-5DEA-4443-8D96-4228A41D6A11}.Release|Any CPU.Build.0 = Release|Any CPU
		{0F0EFC8E-DCFE-4238-A556-3F1C5C79C3CC}.Debug|Any CPU.ActiveCfg = Debug|Any CPU
		{0F0EFC8E-DCFE-4238-A556-3F1C5C79C3CC}.Debug|Any CPU.Build.0 = Debug|Any CPU
		{0F0EFC8E-DCFE-4238-A556-3F1C5C79C3CC}.Release|Any CPU.ActiveCfg = Release|Any CPU
		{0F0EFC8E-DCFE-4238-A556-3F1C5C79C3CC}.Release|Any CPU.Build.0 = Release|Any CPU
	EndGlobalSection
	GlobalSection(SolutionProperties) = preSolution
		HideSolutionNode = FALSE
	EndGlobalSection
	GlobalSection(NestedProjects) = preSolution
		{4FE67FBE-070A-4633-B176-010E419EE68A} = {0585F318-75AD-4B34-ABA9-487C38A79DE2}
		{4DE72F02-1179-4B6B-A241-F4C1F3C68250} = {0585F318-75AD-4B34-ABA9-487C38A79DE2}
		{AD2DE7F6-AFEF-484C-942E-BECAC2FDFB6C} = {0585F318-75AD-4B34-ABA9-487C38A79DE2}
		{93C827A5-BF22-4A00-846C-BBC01B21AE2F} = {4FE67FBE-070A-4633-B176-010E419EE68A}
		{8521CCB8-8CD4-4682-AB3A-8A34B0A0715A} = {4DE72F02-1179-4B6B-A241-F4C1F3C68250}
		{571962CB-C920-4D9E-AC1F-DE865A0D2297} = {4DE72F02-1179-4B6B-A241-F4C1F3C68250}
		{F4886900-56EB-4AE2-9BEA-026893AAD638} = {AD2DE7F6-AFEF-484C-942E-BECAC2FDFB6C}
		{A8A8212D-EED0-4121-856F-BF9608386946} = {AD2DE7F6-AFEF-484C-942E-BECAC2FDFB6C}
		{266C96DA-CF73-4D4A-905C-1007548E8495} = {04479402-A532-4911-9E56-C1E568401F33}
		{DDB43DF8-EFB8-4CEA-A145-FFE10E431F14} = {04479402-A532-4911-9E56-C1E568401F33}
		{BD5A71C3-8E38-4175-9BA1-8DFA4F8EED99} = {04479402-A532-4911-9E56-C1E568401F33}
		{CB4701EE-113E-4159-A72C-4A9345C17367} = {266C96DA-CF73-4D4A-905C-1007548E8495}
		{83148706-E666-477D-A48A-EDD709347C43} = {266C96DA-CF73-4D4A-905C-1007548E8495}
		{77825020-A6F2-469A-B095-50AA251310CE} = {DDB43DF8-EFB8-4CEA-A145-FFE10E431F14}
		{88D59811-401D-42EF-9D91-9BDDE0BFA33E} = {BD5A71C3-8E38-4175-9BA1-8DFA4F8EED99}
		{FDE41821-0965-4AA2-8F84-BA9310BBFA08} = {BD5A71C3-8E38-4175-9BA1-8DFA4F8EED99}
		{2ED30B0B-04CF-442C-BA66-6B7630AA29E1} = {50EC3607-1A4A-4247-A7D3-BDD7DBBBDB96}
		{C7E2DC03-818F-4248-BC1D-4C50FE6E36D2} = {50EC3607-1A4A-4247-A7D3-BDD7DBBBDB96}
		{B6EC4808-3981-41CE-A144-141981B4DF3B} = {50EC3607-1A4A-4247-A7D3-BDD7DBBBDB96}
		{9F22FA09-44CE-42C0-ABEA-F10FFBCCED07} = {2ED30B0B-04CF-442C-BA66-6B7630AA29E1}
		{0A73E7E9-C7CB-434B-A535-CD1FC03B2AA9} = {C7E2DC03-818F-4248-BC1D-4C50FE6E36D2}
		{4C857D6B-868B-47EA-A2D6-CCF3AF483CA6} = {C7E2DC03-818F-4248-BC1D-4C50FE6E36D2}
		{D5F970A9-CADE-4A83-B11A-6D88A9C9D476} = {B6EC4808-3981-41CE-A144-141981B4DF3B}
		{4F8301AC-D062-4818-84CF-5FBB8A255235} = {B6EC4808-3981-41CE-A144-141981B4DF3B}
		{815D63D2-F02E-45C7-A8A1-B9063239706E} = {87F92200-614C-415F-9F54-70A40436BDE7}
		{C7AF95D2-6D8D-44EB-986D-E648ED8F19D9} = {87F92200-614C-415F-9F54-70A40436BDE7}
		{80BAF468-9877-4BD8-92DB-D1750246E0E4} = {87F92200-614C-415F-9F54-70A40436BDE7}
		{364A8578-14DF-4A84-94C0-29C324803C58} = {815D63D2-F02E-45C7-A8A1-B9063239706E}
		{1F9E5F87-31F1-43B3-90DC-FE5EA5E66276} = {815D63D2-F02E-45C7-A8A1-B9063239706E}
		{EEB45990-83BD-47B4-8D61-9E2A9A735B59} = {C7AF95D2-6D8D-44EB-986D-E648ED8F19D9}
		{0B7B3283-5F43-4F6E-AB28-96918557214E} = {80BAF468-9877-4BD8-92DB-D1750246E0E4}
		{38038C30-9C3E-4053-9407-1BB0B6E0BA9C} = {80BAF468-9877-4BD8-92DB-D1750246E0E4}
		{31C3DAF9-80B4-49CC-B80F-E7D0FAC130D6} = {A50BFE78-7B15-4674-B1BA-956DF8F6B8AD}
		{EC6DE59A-92DF-400A-89A1-89AE9AAD00A4} = {A50BFE78-7B15-4674-B1BA-956DF8F6B8AD}
		{5315740C-68A1-47AB-9467-D05EF8130372} = {A50BFE78-7B15-4674-B1BA-956DF8F6B8AD}
		{A3DF5FC1-F943-4DB2-A100-9A3C3D0B8085} = {31C3DAF9-80B4-49CC-B80F-E7D0FAC130D6}
		{2F7976B1-6515-4863-A487-1FC37B402B65} = {EC6DE59A-92DF-400A-89A1-89AE9AAD00A4}
		{C8C55D0D-49BD-4226-9642-F4E853D70886} = {EC6DE59A-92DF-400A-89A1-89AE9AAD00A4}
		{7F83A457-16A3-48A1-8FE1-449FE4DC8BF5} = {5315740C-68A1-47AB-9467-D05EF8130372}
		{E8048823-CF65-4008-AD8F-4FA8179BE68D} = {5315740C-68A1-47AB-9467-D05EF8130372}
		{52BF7352-728C-4F9C-A989-3B74997CADFD} = {9C7B108B-7D09-494F-AC94-E45F700C3353}
		{8C288A2D-CA55-4F8E-AF16-AE924364B965} = {9C7B108B-7D09-494F-AC94-E45F700C3353}
		{11B76622-62E8-4CC0-8062-22D76754D59B} = {9C7B108B-7D09-494F-AC94-E45F700C3353}
		{23B0801D-B44F-41F5-8492-0458DF276657} = {52BF7352-728C-4F9C-A989-3B74997CADFD}
		{C8D9B9D8-2F43-470D-B2E1-ADBF4A0C22FB} = {52BF7352-728C-4F9C-A989-3B74997CADFD}
		{16D15417-92F5-4B77-9E78-280AC9F8BA13} = {8C288A2D-CA55-4F8E-AF16-AE924364B965}
		{CD20173F-0356-41E7-81BB-7DD77703AAFE} = {11B76622-62E8-4CC0-8062-22D76754D59B}
		{FCFB9628-5DEA-4443-8D96-4228A41D6A11} = {11B76622-62E8-4CC0-8062-22D76754D59B}
	EndGlobalSection
	GlobalSection(ExtensibilityGlobals) = postSolution
		SolutionGuid = {8308A9CA-C1FF-4336-8581-B9DA6CCA5C41}
	EndGlobalSection
EndGlobal
